<Solution>
  <Folder Name="/samples/">
    <Project Path="samples/RedactWire.Sample.Web/RedactWire.Sample.Web.csproj" />
  </Folder>
  <Folder Name="/src/">
    <Project Path="src/RedactWire.Cli/RedactWire.Cli.csproj" />
    <Project Path="src/RedactWire/RedactWire.csproj" />
  </Folder>
  <Folder Name="/tests/">
    <Project Path="tests/RedactWire.Tests/RedactWire.Tests.csproj" />
  </Folder>
</Solution>
